
Microsoft Visual Studio Solution File, Format Version 12.00
# Visual Studio 14
VisualStudioVersion = 14.0.25420.1
MinimumVisualStudioVersion = 10.0.40219.1
Project("{FAE04EC0-301F-11D3-BF4B-00C04F79EFBC}") = "HashFruit", "HashFruit\HashFruit.csproj", "{704FE305-EB21-4398-AB13-6BD6080C94BE}"
EndProject
Project("{FAE04EC0-301F-11D3-BF4B-00C04F79EFBC}") = "HashFruit.Data", "HashFruit.Data\HashFruit.Data.csproj", "{E8F67589-52E0-4B8A-BFB8-5029951C685E}"
EndProject
Project("{FAE04EC0-301F-11D3-BF4B-00C04F79EFBC}") = "HashFruit.Bussiness", "HashFruit.Bussiness\HashFruit.Bussiness.csproj", "{B8B9B6AB-2475-4299-8B3B-3A8136997657}"
EndProject
Project("{FAE04EC0-301F-11D3-BF4B-00C04F79EFBC}") = "HashFruit.Common", "HashFruit.Common\HashFruit.Common.csproj", "{1A58B808-3958-4F25-95C9-DEFF442AE163}"
EndProject
Global
	GlobalSection(SolutionConfigurationPlatforms) = preSolution
		Debug|Any CPU = Debug|Any CPU
		Release|Any CPU = Release|Any CPU
	EndGlobalSection
	GlobalSection(ProjectConfigurationPlatforms) = postSolution
		{704FE305-EB21-4398-AB13-6BD6080C94BE}.Debug|Any CPU.ActiveCfg = Debug|Any CPU
		{704FE305-EB21-4398-AB13-6BD6080C94BE}.Debug|Any CPU.Build.0 = Debug|Any CPU
		{704FE305-EB21-4398-AB13-6BD6080C94BE}.Release|Any CPU.ActiveCfg = Release|Any CPU
		{704FE305-EB21-4398-AB13-6BD6080C94BE}.Release|Any CPU.Build.0 = Release|Any CPU
		{E8F67589-52E0-4B8A-BFB8-5029951C685E}.Debug|Any CPU.ActiveCfg = Debug|Any CPU
		{E8F67589-52E0-4B8A-BFB8-5029951C685E}.Debug|Any CPU.Build.0 = Debug|Any CPU
		{E8F67589-52E0-4B8A-BFB8-5029951C685E}.Release|Any CPU.ActiveCfg = Release|Any CPU
		{E8F67589-52E0-4B8A-BFB8-5029951C685E}.Release|Any CPU.Build.0 = Release|Any CPU
		{B8B9B6AB-2475-4299-8B3B-3A8136997657}.Debug|Any CPU.ActiveCfg = Debug|Any CPU
		{B8B9B6AB-2475-4299-8B3B-3A8136997657}.Debug|Any CPU.Build.0 = Debug|Any CPU
		{B8B9B6AB-2475-4299-8B3B-3A8136997657}.Release|Any CPU.ActiveCfg = Release|Any CPU
		{B8B9B6AB-2475-4299-8B3B-3A8136997657}.Release|Any CPU.Build.0 = Release|Any CPU
		{1A58B808-3958-4F25-95C9-DEFF442AE163}.Debug|Any CPU.ActiveCfg = Debug|Any CPU
		{1A58B808-3958-4F25-95C9-DEFF442AE163}.Debug|Any CPU.Build.0 = Debug|Any CPU
		{1A58B808-3958-4F25-95C9-DEFF442AE163}.Release|Any CPU.ActiveCfg = Release|Any CPU
		{1A58B808-3958-4F25-95C9-DEFF442AE163}.Release|Any CPU.Build.0 = Release|Any CPU
	EndGlobalSection
	GlobalSection(SolutionProperties) = preSolution
		HideSolutionNode = FALSE
	EndGlobalSection
EndGlobal
